
Microsoft Visual Studio Solution File, Format Version 12.00
# Visual Studio Version 17
VisualStudioVersion = 17.13.35931.197 d17.13
MinimumVisualStudioVersion = 10.0.40219.1
Project("{FAE04EC0-301F-11D3-BF4B-00C04F79EFBC}") = "ProjetoGracieBarraCamargos", "ProjetoGracieBarraCamargos.csproj", "{A75C5C26-319D-4AAD-BBD1-92EA4DC24E5F}"
EndProject
Global
	GlobalSection(SolutionConfigurationPlatforms) = preSolution
		Debug|Any CPU = Debug|Any CPU
		Release|Any CPU = Release|Any CPU
	EndGlobalSection
	GlobalSection(ProjectConfigurationPlatforms) = postSolution
		{A75C5C26-319D-4AAD-BBD1-92EA4DC24E5F}.Debug|Any CPU.ActiveCfg = Debug|Any CPU
		{A75C5C26-319D-4AAD-BBD1-92EA4DC24E5F}.Debug|Any CPU.Build.0 = Debug|Any CPU
		{A75C5C26-319D-4AAD-BBD1-92EA4DC24E5F}.Release|Any CPU.ActiveCfg = Release|Any CPU
		{A75C5C26-319D-4AAD-BBD1-92EA4DC24E5F}.Release|Any CPU.Build.0 = Release|Any CPU
	EndGlobalSection
	GlobalSection(SolutionProperties) = preSolution
		HideSolutionNode = FALSE
	EndGlobalSection
	GlobalSection(ExtensibilityGlobals) = postSolution
		SolutionGuid = {B40356DD-21A0-4381-8799-2838CAC34D24}
	EndGlobalSection
EndGlobal
